// !$*UTF8*$!
{
	archiveVersion = 1;
	classes = {
	};
	objectVersion = 50;
	objects = {

/* Begin PBXBuildFile section */
		42426FFE25EC394700AB5818 /* ARCAppApp.swift in Sources */ = {isa = PBXBuildFile; fileRef = 42426FFD25EC394700AB5818 /* ARCAppApp.swift */; };
		4242700025EC394700AB5818 /* ContentView.swift in Sources */ = {isa = PBXBuildFile; fileRef = 42426FFF25EC394700AB5818 /* ContentView.swift */; };
		4242700225EC394800AB5818 /* Assets.xcassets in Resources */ = {isa = PBXBuildFile; fileRef = 4242700125EC394800AB5818 /* Assets.xcassets */; };
		4242700525EC394800AB5818 /* Preview Assets.xcassets in Resources */ = {isa = PBXBuildFile; fileRef = 4242700425EC394800AB5818 /* Preview Assets.xcassets */; };
		4242701025EC394800AB5818 /* ARCAppTests.swift in Sources */ = {isa = PBXBuildFile; fileRef = 4242700F25EC394800AB5818 /* ARCAppTests.swift */; };
		4242701B25EC394800AB5818 /* ARCAppUITests.swift in Sources */ = {isa = PBXBuildFile; fileRef = 4242701A25EC394800AB5818 /* ARCAppUITests.swift */; };
/* End PBXBuildFile section */

/* Begin PBXContainerItemProxy section */
		4242700C25EC394800AB5818 /* PBXContainerItemProxy */ = {
			isa = PBXContainerItemProxy;
			containerPortal = 42426FF225EC394700AB5818 /* Project object */;
			proxyType = 1;
			remoteGlobalIDString = 42426FF925EC394700AB5818;
			remoteInfo = ARCApp;
		};
		4242701725EC394800AB5818 /* PBXContainerItemProxy */ = {
			isa = PBXContainerItemProxy;
			containerPortal = 42426FF225EC394700AB5818 /* Project object */;
			proxyType = 1;
			remoteGlobalIDString = 42426FF925EC394700AB5818;
			remoteInfo = ARCApp;
		};
/* End PBXContainerItemProxy section */

/* Begin PBXFileReference section */
		42426FFA25EC394700AB5818 /* ARCApp.app */ = {isa = PBXFileReference; explicitFileType = wrapper.application; includeInIndex = 0; path = ARCApp.app; sourceTree = BUILT_PRODUCTS_DIR; };
		42426FFD25EC394700AB5818 /* ARCAppApp.swift */ = {isa = PBXFileReference; lastKnownFileType = sourcecode.swift; path = ARCAppApp.swift; sourceTree = "<group>"; };
		42426FFF25EC394700AB5818 /* ContentView.swift */ = {isa = PBXFileReference; lastKnownFileType = sourcecode.swift; path = ContentView.swift; sourceTree = "<group>"; };
		4242700125EC394800AB5818 /* Assets.xcassets */ = {isa = PBXFileReference; lastKnownFileType = folder.assetcatalog; path = Assets.xcassets; sourceTree = "<group>"; };
		4242700425EC394800AB5818 /* Preview Assets.xcassets */ = {isa = PBXFileReference; lastKnownFileType = folder.assetcatalog; path = "Preview Assets.xcassets"; sourceTree = "<group>"; };
		4242700625EC394800AB5818 /* Info.plist */ = {isa = PBXFileReference; lastKnownFileType = text.plist.xml; path = Info.plist; sourceTree = "<group>"; };
		4242700B25EC394800AB5818 /* ARCAppTests.xctest */ = {isa = PBXFileReference; explicitFileType = wrapper.cfbundle; includeInIndex = 0; path = ARCAppTests.xctest; sourceTree = BUILT_PRODUCTS_DIR; };
		4242700F25EC394800AB5818 /* ARCAppTests.swift */ = {isa = PBXFileReference; lastKnownFileType = sourcecode.swift; path = ARCAppTests.swift; sourceTree = "<group>"; };
		4242701125EC394800AB5818 /* Info.plist */ = {isa = PBXFileReference; lastKnownFileType = text.plist.xml; path = Info.plist; sourceTree = "<group>"; };
		4242701625EC394800AB5818 /* ARCAppUITests.xctest */ = {isa = PBXFileReference; explicitFileType = wrapper.cfbundle; includeInIndex = 0; path = ARCAppUITests.xctest; sourceTree = BUILT_PRODUCTS_DIR; };
		4242701A25EC394800AB5818 /* ARCAppUITests.swift */ = {isa = PBXFileReference; lastKnownFileType = sourcecode.swift; path = ARCAppUITests.swift; sourceTree = "<group>"; };
		4242701C25EC394800AB5818 /* Info.plist */ = {isa = PBXFileReference; lastKnownFileType = text.plist.xml; path = Info.plist; sourceTree = "<group>"; };
/* End PBXFileReference section */

/* Begin PBXFrameworksBuildPhase section */
		42426FF725EC394700AB5818 /* Frameworks */ = {
			isa = PBXFrameworksBuildPhase;
			buildActionMask = 2147483647;
			files = (
			);
			runOnlyForDeploymentPostprocessing = 0;
		};
		4242700825EC394800AB5818 /* Frameworks */ = {
			isa = PBXFrameworksBuildPhase;
			buildActionMask = 2147483647;
			files = (
			);
			runOnlyForDeploymentPostprocessing = 0;
		};
		4242701325EC394800AB5818 /* Frameworks */ = {
			isa = PBXFrameworksBuildPhase;
			buildActionMask = 2147483647;
			files = (
			);
			runOnlyForDeploymentPostprocessing = 0;
		};
/* End PBXFrameworksBuildPhase section */

/* Begin PBXGroup section */
		42426FF125EC394700AB5818 = {
			isa = PBXGroup;
			children = (
				42426FFC25EC394700AB5818 /* ARCApp */,
				4242700E25EC394800AB5818 /* ARCAppTests */,
				4242701925EC394800AB5818 /* ARCAppUITests */,
				42426FFB25EC394700AB5818 /* Products */,
			);
			sourceTree = "<group>";
		};
		42426FFB25EC394700AB5818 /* Products */ = {
			isa = PBXGroup;
			children = (
				42426FFA25EC394700AB5818 /* ARCApp.app */,
				4242700B25EC394800AB5818 /* ARCAppTests.xctest */,
				4242701625EC394800AB5818 /* ARCAppUITests.xctest */,
			);
			name = Products;
			sourceTree = "<group>";
		};
		42426FFC25EC394700AB5818 /* ARCApp */ = {
			isa = PBXGroup;
			children = (
				42426FFD25EC394700AB5818 /* ARCAppApp.swift */,
				42426FFF25EC394700AB5818 /* ContentView.swift */,
				4242700125EC394800AB5818 /* Assets.xcassets */,
				4242700625EC394800AB5818 /* Info.plist */,
				4242700325EC394800AB5818 /* Preview Content */,
			);
			path = ARCApp;
			sourceTree = "<group>";
		};
		4242700325EC394800AB5818 /* Preview Content */ = {
			isa = PBXGroup;
			children = (
				4242700425EC394800AB5818 /* Preview Assets.xcassets */,
			);
			path = "Preview Content";
			sourceTree = "<group>";
		};
		4242700E25EC394800AB5818 /* ARCAppTests */ = {
			isa = PBXGroup;
			children = (
				4242700F25EC394800AB5818 /* ARCAppTests.swift */,
				4242701125EC394800AB5818 /* Info.plist */,
			);
			path = ARCAppTests;
			sourceTree = "<group>";
		};
		4242701925EC394800AB5818 /* ARCAppUITests */ = {
			isa = PBXGroup;
			children = (
				4242701A25EC394800AB5818 /* ARCAppUITests.swift */,
				4242701C25EC394800AB5818 /* Info.plist */,
			);
			path = ARCAppUITests;
			sourceTree = "<group>";
		};
/* End PBXGroup section */

/* Begin PBXNativeTarget section */
		42426FF925EC394700AB5818 /* ARCApp */ = {
			isa = PBXNativeTarget;
			buildConfigurationList = 4242701F25EC394800AB5818 /* Build configuration list for PBXNativeTarget "ARCApp" */;
			buildPhases = (
				42426FF625EC394700AB5818 /* Sources */,
				42426FF725EC394700AB5818 /* Frameworks */,
				42426FF825EC394700AB5818 /* Resources */,
			);
			buildRules = (
			);
			dependencies = (
			);
			name = ARCApp;
			productName = ARCApp;
			productReference = 42426FFA25EC394700AB5818 /* ARCApp.app */;
			productType = "com.apple.product-type.application";
		};
		4242700A25EC394800AB5818 /* ARCAppTests */ = {
			isa = PBXNativeTarget;
			buildConfigurationList = 4242702225EC394800AB5818 /* Build configuration list for PBXNativeTarget "ARCAppTests" */;
			buildPhases = (
				4242700725EC394800AB5818 /* Sources */,
				4242700825EC394800AB5818 /* Frameworks */,
				4242700925EC394800AB5818 /* Resources */,
			);
			buildRules = (
			);
			dependencies = (
				4242700D25EC394800AB5818 /* PBXTargetDependency */,
			);
			name = ARCAppTests;
			productName = ARCAppTests;
			productReference = 4242700B25EC394800AB5818 /* ARCAppTests.xctest */;
			productType = "com.apple.product-type.bundle.unit-test";
		};
		4242701525EC394800AB5818 /* ARCAppUITests */ = {
			isa = PBXNativeTarget;
			buildConfigurationList = 4242702525EC394800AB5818 /* Build configuration list for PBXNativeTarget "ARCAppUITests" */;
			buildPhases = (
				4242701225EC394800AB5818 /* Sources */,
				4242701325EC394800AB5818 /* Frameworks */,
				4242701425EC394800AB5818 /* Resources */,
			);
			buildRules = (
			);
			dependencies = (
				4242701825EC394800AB5818 /* PBXTargetDependency */,
			);
			name = ARCAppUITests;
			productName = ARCAppUITests;
			productReference = 4242701625EC394800AB5818 /* ARCAppUITests.xctest */;
			productType = "com.apple.product-type.bundle.ui-testing";
		};
/* End PBXNativeTarget section */

/* Begin PBXProject section */
		42426FF225EC394700AB5818 /* Project object */ = {
			isa = PBXProject;
			attributes = {
				LastSwiftUpdateCheck = 1220;
				LastUpgradeCheck = 1220;
				TargetAttributes = {
					42426FF925EC394700AB5818 = {
						CreatedOnToolsVersion = 12.2;
					};
					4242700A25EC394800AB5818 = {
						CreatedOnToolsVersion = 12.2;
						TestTargetID = 42426FF925EC394700AB5818;
					};
					4242701525EC394800AB5818 = {
						CreatedOnToolsVersion = 12.2;
						TestTargetID = 42426FF925EC394700AB5818;
					};
				};
			};
			buildConfigurationList = 42426FF525EC394700AB5818 /* Build configuration list for PBXProject "ARCApp" */;
			compatibilityVersion = "Xcode 9.3";
			developmentRegion = en;
			hasScannedForEncodings = 0;
			knownRegions = (
				en,
				Base,
			);
			mainGroup = 42426FF125EC394700AB5818;
			productRefGroup = 42426FFB25EC394700AB5818 /* Products */;
			projectDirPath = "";
			projectRoot = "";
			targets = (
				42426FF925EC394700AB5818 /* ARCApp */,
				4242700A25EC394800AB5818 /* ARCAppTests */,
				4242701525EC394800AB5818 /* ARCAppUITests */,
			);
		};
/* End PBXProject section */

/* Begin PBXResourcesBuildPhase section */
		42426FF825EC394700AB5818 /* Resources */ = {
			isa = PBXResourcesBuildPhase;
			buildActionMask = 2147483647;
			files = (
				4242700525EC394800AB5818 /* Preview Assets.xcassets in Resources */,
				4242700225EC394800AB5818 /* Assets.xcassets in Resources */,
			);
			runOnlyForDeploymentPostprocessing = 0;
		};
		4242700925EC394800AB5818 /* Resources */ = {
			isa = PBXResourcesBuildPhase;
			buildActionMask = 2147483647;
			files = (
			);
			runOnlyForDeploymentPostprocessing = 0;
		};
		4242701425EC394800AB5818 /* Resources */ = {
			isa = PBXResourcesBuildPhase;
			buildActionMask = 2147483647;
			files = (
			);
			runOnlyForDeploymentPostprocessing = 0;
		};
/* End PBXResourcesBuildPhase section */

/* Begin PBXSourcesBuildPhase section */
		42426FF625EC394700AB5818 /* Sources */ = {
			isa = PBXSourcesBuildPhase;
			buildActionMask = 2147483647;
			files = (
				4242700025EC394700AB5818 /* ContentView.swift in Sources */,
				42426FFE25EC394700AB5818 /* ARCAppApp.swift in Sources */,
			);
			runOnlyForDeploymentPostprocessing = 0;
		};
		4242700725EC394800AB5818 /* Sources */ = {
			isa = PBXSourcesBuildPhase;
			buildActionMask = 2147483647;
			files = (
				4242701025EC394800AB5818 /* ARCAppTests.swift in Sources */,
			);
			runOnlyForDeploymentPostprocessing = 0;
		};
		4242701225EC394800AB5818 /* Sources */ = {
			isa = PBXSourcesBuildPhase;
			buildActionMask = 2147483647;
			files = (
				4242701B25EC394800AB5818 /* ARCAppUITests.swift in Sources */,
			);
			runOnlyForDeploymentPostprocessing = 0;
		};
/* End PBXSourcesBuildPhase section */

/* Begin PBXTargetDependency section */
		4242700D25EC394800AB5818 /* PBXTargetDependency */ = {
			isa = PBXTargetDependency;
			target = 42426FF925EC394700AB5818 /* ARCApp */;
			targetProxy = 4242700C25EC394800AB5818 /* PBXContainerItemProxy */;
		};
		4242701825EC394800AB5818 /* PBXTargetDependency */ = {
			isa = PBXTargetDependency;
			target = 42426FF925EC394700AB5818 /* ARCApp */;
			targetProxy = 4242701725EC394800AB5818 /* PBXContainerItemProxy */;
		};
/* End PBXTargetDependency section */

/* Begin XCBuildConfiguration section */
		4242701D25EC394800AB5818 /* Debug */ = {
			isa = XCBuildConfiguration;
			buildSettings = {
				ALWAYS_SEARCH_USER_PATHS = NO;
				CLANG_ANALYZER_NONNULL = YES;
				CLANG_ANALYZER_NUMBER_OBJECT_CONVERSION = YES_AGGRESSIVE;
				CLANG_CXX_LANGUAGE_STANDARD = "gnu++14";
				CLANG_CXX_LIBRARY = "libc++";
				CLANG_ENABLE_MODULES = YES;
				CLANG_ENABLE_OBJC_ARC = YES;
				CLANG_ENABLE_OBJC_WEAK = YES;
				CLANG_WARN_BLOCK_CAPTURE_AUTORELEASING = YES;
				CLANG_WARN_BOOL_CONVERSION = YES;
				CLANG_WARN_COMMA = YES;
				CLANG_WARN_CONSTANT_CONVERSION = YES;
				CLANG_WARN_DEPRECATED_OBJC_IMPLEMENTATIONS = YES;
				CLANG_WARN_DIRECT_OBJC_ISA_USAGE = YES_ERROR;
				CLANG_WARN_DOCUMENTATION_COMMENTS = YES;
				CLANG_WARN_EMPTY_BODY = YES;
				CLANG_WARN_ENUM_CONVERSION = YES;
				CLANG_WARN_INFINITE_RECURSION = YES;
				CLANG_WARN_INT_CONVERSION = YES;
				CLANG_WARN_NON_LITERAL_NULL_CONVERSION = YES;
				CLANG_WARN_OBJC_IMPLICIT_RETAIN_SELF = YES;
				CLANG_WARN_OBJC_LITERAL_CONVERSION = YES;
				CLANG_WARN_OBJC_ROOT_CLASS = YES_ERROR;
				CLANG_WARN_QUOTED_INCLUDE_IN_FRAMEWORK_HEADER = YES;
				CLANG_WARN_RANGE_LOOP_ANALYSIS = YES;
				CLANG_WARN_STRICT_PROTOTYPES = YES;
				CLANG_WARN_SUSPICIOUS_MOVE = YES;
				CLANG_WARN_UNGUARDED_AVAILABILITY = YES_AGGRESSIVE;
				CLANG_WARN_UNREACHABLE_CODE = YES;
				CLANG_WARN__DUPLICATE_METHOD_MATCH = YES;
				COPY_PHASE_STRIP = NO;
				DEBUG_INFORMATION_FORMAT = dwarf;
				ENABLE_STRICT_OBJC_MSGSEND = YES;
				ENABLE_TESTABILITY = YES;
				GCC_C_LANGUAGE_STANDARD = gnu11;
				GCC_DYNAMIC_NO_PIC = NO;
				GCC_NO_COMMON_BLOCKS = YES;
				GCC_OPTIMIZATION_LEVEL = 0;
				GCC_PREPROCESSOR_DEFINITIONS = (
					"DEBUG=1",
					"$(inherited)",
				);
				GCC_WARN_64_TO_32_BIT_CONVERSION = YES;
				GCC_WARN_ABOUT_RETURN_TYPE = YES_ERROR;
				GCC_WARN_UNDECLARED_SELECTOR = YES;
				GCC_WARN_UNINITIALIZED_AUTOS = YES_AGGRESSIVE;
				GCC_WARN_UNUSED_FUNCTION = YES;
				GCC_WARN_UNUSED_VARIABLE = YES;
				IPHONEOS_DEPLOYMENT_TARGET = 14.2;
				MTL_ENABLE_DEBUG_INFO = INCLUDE_SOURCE;
				MTL_FAST_MATH = YES;
				ONLY_ACTIVE_ARCH = YES;
				SDKROOT = iphoneos;
				SWIFT_ACTIVE_COMPILATION_CONDITIONS = DEBUG;
				SWIFT_OPTIMIZATION_LEVEL = "-Onone";
			};
			name = Debug;
		};
		4242701E25EC394800AB5818 /* Release */ = {
			isa = XCBuildConfiguration;
			buildSettings = {
				ALWAYS_SEARCH_USER_PATHS = NO;
				CLANG_ANALYZER_NONNULL = YES;
				CLANG_ANALYZER_NUMBER_OBJECT_CONVERSION = YES_AGGRESSIVE;
				CLANG_CXX_LANGUAGE_STANDARD = "gnu++14";
				CLANG_CXX_LIBRARY = "libc++";
				CLANG_ENABLE_MODULES = YES;
				CLANG_ENABLE_OBJC_ARC = YES;
				CLANG_ENABLE_OBJC_WEAK = YES;
				CLANG_WARN_BLOCK_CAPTURE_AUTORELEASING = YES;
				CLANG_WARN_BOOL_CONVERSION = YES;
				CLANG_WARN_COMMA = YES;
				CLANG_WARN_CONSTANT_CONVERSION = YES;
				CLANG_WARN_DEPRECATED_OBJC_IMPLEMENTATIONS = YES;
				CLANG_WARN_DIRECT_OBJC_ISA_USAGE = YES_ERROR;
				CLANG_WARN_DOCUMENTATION_COMMENTS = YES;
				CLANG_WARN_EMPTY_BODY = YES;
				CLANG_WARN_ENUM_CONVERSION = YES;
				CLANG_WARN_INFINITE_RECURSION = YES;
				CLANG_WARN_INT_CONVERSION = YES;
				CLANG_WARN_NON_LITERAL_NULL_CONVERSION = YES;
				CLANG_WARN_OBJC_IMPLICIT_RETAIN_SELF = YES;
				CLANG_WARN_OBJC_LITERAL_CONVERSION = YES;
				CLANG_WARN_OBJC_ROOT_CLASS = YES_ERROR;
				CLANG_WARN_QUOTED_INCLUDE_IN_FRAMEWORK_HEADER = YES;
				CLANG_WARN_RANGE_LOOP_ANALYSIS = YES;
				CLANG_WARN_STRICT_PROTOTYPES = YES;
				CLANG_WARN_SUSPICIOUS_MOVE = YES;
				CLANG_WARN_UNGUARDED_AVAILABILITY = YES_AGGRESSIVE;
				CLANG_WARN_UNREACHABLE_CODE = YES;
				CLANG_WARN__DUPLICATE_METHOD_MATCH = YES;
				COPY_PHASE_STRIP = NO;
				DEBUG_INFORMATION_FORMAT = "dwarf-with-dsym";
				ENABLE_NS_ASSERTIONS = NO;
				ENABLE_STRICT_OBJC_MSGSEND = YES;
				GCC_C_LANGUAGE_STANDARD = gnu11;
				GCC_NO_COMMON_BLOCKS = YES;
				GCC_WARN_64_TO_32_BIT_CONVERSION = YES;
				GCC_WARN_ABOUT_RETURN_TYPE = YES_ERROR;
				GCC_WARN_UNDECLARED_SELECTOR = YES;
				GCC_WARN_UNINITIALIZED_AUTOS = YES_AGGRESSIVE;
				GCC_WARN_UNUSED_FUNCTION = YES;
				GCC_WARN_UNUSED_VARIABLE = YES;
				IPHONEOS_DEPLOYMENT_TARGET = 14.2;
				MTL_ENABLE_DEBUG_INFO = NO;
				MTL_FAST_MATH = YES;
				SDKROOT = iphoneos;
				SWIFT_COMPILATION_MODE = wholemodule;
				SWIFT_OPTIMIZATION_LEVEL = "-O";
				VALIDATE_PRODUCT = YES;
			};
			name = Release;
		};
		4242702025EC394800AB5818 /* Debug */ = {
			isa = XCBuildConfiguration;
			buildSettings = {
				ASSETCATALOG_COMPILER_APPICON_NAME = AppIcon;
				ASSETCATALOG_COMPILER_GLOBAL_ACCENT_COLOR_NAME = AccentColor;
				CODE_SIGN_STYLE = Automatic;
				DEVELOPMENT_ASSET_PATHS = "\"ARCApp/Preview Content\"";
				DEVELOPMENT_TEAM = 75FWCJTCN5;
				ENABLE_PREVIEWS = YES;
				INFOPLIST_FILE = ARCApp/Info.plist;
				IPHONEOS_DEPLOYMENT_TARGET = 14.0;
				LD_RUNPATH_SEARCH_PATHS = (
					"$(inherited)",
					"@executable_path/Frameworks",
				);
				PRODUCT_BUNDLE_IDENTIFIER = com.DSIColumbia.ARCApp;
				PRODUCT_NAME = "$(TARGET_NAME)";
				SWIFT_VERSION = 5.0;
				TARGETED_DEVICE_FAMILY = "1,2";
			};
			name = Debug;
		};
		4242702125EC394800AB5818 /* Release */ = {
			isa = XCBuildConfiguration;
			buildSettings = {
				ASSETCATALOG_COMPILER_APPICON_NAME = AppIcon;
				ASSETCATALOG_COMPILER_GLOBAL_ACCENT_COLOR_NAME = AccentColor;
				CODE_SIGN_STYLE = Automatic;
				DEVELOPMENT_ASSET_PATHS = "\"ARCApp/Preview Content\"";
				DEVELOPMENT_TEAM = 75FWCJTCN5;
				ENABLE_PREVIEWS = YES;
				INFOPLIST_FILE = ARCApp/Info.plist;
				IPHONEOS_DEPLOYMENT_TARGET = 14.0;
				LD_RUNPATH_SEARCH_PATHS = (
					"$(inherited)",
					"@executable_path/Frameworks",
				);
				PRODUCT_BUNDLE_IDENTIFIER = com.DSIColumbia.ARCApp;
				PRODUCT_NAME = "$(TARGET_NAME)";
				SWIFT_VERSION = 5.0;
				TARGETED_DEVICE_FAMILY = "1,2";
			};
			name = Release;
		};
		4242702325EC394800AB5818 /* Debug */ = {
			isa = XCBuildConfiguration;
			buildSettings = {
				ALWAYS_EMBED_SWIFT_STANDARD_LIBRARIES = YES;
				BUNDLE_LOADER = "$(TEST_HOST)";
				CODE_SIGN_STYLE = Automatic;
				DEVELOPMENT_TEAM = 75FWCJTCN5;
				INFOPLIST_FILE = ARCAppTests/Info.plist;
				IPHONEOS_DEPLOYMENT_TARGET = 14.0;
				LD_RUNPATH_SEARCH_PATHS = (
					"$(inherited)",
					"@executable_path/Frameworks",
					"@loader_path/Frameworks",
				);
				PRODUCT_BUNDLE_IDENTIFIER = com.DSIColumbia.ARCAppTests;
				PRODUCT_NAME = "$(TARGET_NAME)";
				SWIFT_VERSION = 5.0;
				TARGETED_DEVICE_FAMILY = "1,2";
				TEST_HOST = "$(BUILT_PRODUCTS_DIR)/ARCApp.app/ARCApp";
			};
			name = Debug;
		};
		4242702425EC394800AB5818 /* Release */ = {
			isa = XCBuildConfiguration;
			buildSettings = {
				ALWAYS_EMBED_SWIFT_STANDARD_LIBRARIES = YES;
				BUNDLE_LOADER = "$(TEST_HOST)";
				CODE_SIGN_STYLE = Automatic;
				DEVELOPMENT_TEAM = 75FWCJTCN5;
				INFOPLIST_FILE = ARCAppTests/Info.plist;
				IPHONEOS_DEPLOYMENT_TARGET = 14.0;
				LD_RUNPATH_SEARCH_PATHS = (
					"$(inherited)",
					"@executable_path/Frameworks",
					"@loader_path/Frameworks",
				);
				PRODUCT_BUNDLE_IDENTIFIER = com.DSIColumbia.ARCAppTests;
				PRODUCT_NAME = "$(TARGET_NAME)";
				SWIFT_VERSION = 5.0;
				TARGETED_DEVICE_FAMILY = "1,2";
				TEST_HOST = "$(BUILT_PRODUCTS_DIR)/ARCApp.app/ARCApp";
			};
			name = Release;
		};
		4242702625EC394800AB5818 /* Debug */ = {
			isa = XCBuildConfiguration;
			buildSettings = {
				ALWAYS_EMBED_SWIFT_STANDARD_LIBRARIES = YES;
				CODE_SIGN_STYLE = Automatic;
				DEVELOPMENT_TEAM = 75FWCJTCN5;
				INFOPLIST_FILE = ARCAppUITests/Info.plist;
				LD_RUNPATH_SEARCH_PATHS = (
					"$(inherited)",
					"@executable_path/Frameworks",
					"@loader_path/Frameworks",
				);
				PRODUCT_BUNDLE_IDENTIFIER = com.DSIColumbia.ARCAppUITests;
				PRODUCT_NAME = "$(TARGET_NAME)";
				SWIFT_VERSION = 5.0;
				TARGETED_DEVICE_FAMILY = "1,2";
				TEST_TARGET_NAME = ARCApp;
			};
			name = Debug;
		};
		4242702725EC394800AB5818 /* Release */ = {
			isa = XCBuildConfiguration;
			buildSettings = {
				ALWAYS_EMBED_SWIFT_STANDARD_LIBRARIES = YES;
				CODE_SIGN_STYLE = Automatic;
				DEVELOPMENT_TEAM = 75FWCJTCN5;
				INFOPLIST_FILE = ARCAppUITests/Info.plist;
				LD_RUNPATH_SEARCH_PATHS = (
					"$(inherited)",
					"@executable_path/Frameworks",
					"@loader_path/Frameworks",
				);
				PRODUCT_BUNDLE_IDENTIFIER = com.DSIColumbia.ARCAppUITests;
				PRODUCT_NAME = "$(TARGET_NAME)";
				SWIFT_VERSION = 5.0;
				TARGETED_DEVICE_FAMILY = "1,2";
				TEST_TARGET_NAME = ARCApp;
			};
			name = Release;
		};
/* End XCBuildConfiguration section */

/* Begin XCConfigurationList section */
		42426FF525EC394700AB5818 /* Build configuration list for PBXProject "ARCApp" */ = {
			isa = XCConfigurationList;
			buildConfigurations = (
				4242701D25EC394800AB5818 /* Debug */,
				4242701E25EC394800AB5818 /* Release */,
			);
			defaultConfigurationIsVisible = 0;
			defaultConfigurationName = Release;
		};
		4242701F25EC394800AB5818 /* Build configuration list for PBXNativeTarget "ARCApp" */ = {
			isa = XCConfigurationList;
			buildConfigurations = (
				4242702025EC394800AB5818 /* Debug */,
				4242702125EC394800AB5818 /* Release */,
			);
			defaultConfigurationIsVisible = 0;
			defaultConfigurationName = Release;
		};
		4242702225EC394800AB5818 /* Build configuration list for PBXNativeTarget "ARCAppTests" */ = {
			isa = XCConfigurationList;
			buildConfigurations = (
				4242702325EC394800AB5818 /* Debug */,
				4242702425EC394800AB5818 /* Release */,
			);
			defaultConfigurationIsVisible = 0;
			defaultConfigurationName = Release;
		};
		4242702525EC394800AB5818 /* Build configuration list for PBXNativeTarget "ARCAppUITests" */ = {
			isa = XCConfigurationList;
			buildConfigurations = (
				4242702625EC394800AB5818 /* Debug */,
				4242702725EC394800AB5818 /* Release */,
			);
			defaultConfigurationIsVisible = 0;
			defaultConfigurationName = Release;
		};
/* End XCConfigurationList section */
	};
	rootObject = 42426FF225EC394700AB5818 /* Project object */;
}
